{
  "object": {
    "pins": [
      {
        "package": "AudioFileInfo",
        "repositoryURL": "https://gitee.com/cchsora/AudioFileInfo",
        "state": {
          "branch": "master",
          "revision": "a178beea28f0b1ac1c4bf950a27eeab2fa1037a2",
          "version": null
        }
      },
      {
        "package": "Print",
        "repositoryURL": "https://gitee.com/cchsora/Print",
        "state": {
          "branch": "master",
          "revision": "61726bb7ce88291df3d567217ee0a43e4e433d22",
          "version": null
        }
      }
    ]
  },
  "version": 1
}
